hash: 94bc8281a1d817d7c505aaa58fc35f5c85d1b0f329a18c98018b8c1a4ffc0722
updated: 2018-06-04T18:21:36.547164977-07:00
imports:
- name: github.com/aead/chacha20
  version: d31a916ded42d1640b9d89a26f8abd53cc96790c
  subpackages:
  - chacha
- name: github.com/btcsuite/btcd
  version: bc0944904505aab55e089371a892be2f87883161
  subpackages:
  - btcec
  - chaincfg
  - chaincfg/chainhash
  - wire
- name: github.com/btcsuite/btclog
  version: 84c8d2346e9fc8c7b947e243b9c24e6df9fd206a
- name: github.com/btcsuite/btcutil
  version: d4cc87b860166d00d6b5b9e0d3b3d71d6088d4d4
  subpackages:
  - base58
  - bech32
- name: github.com/coreos/bbolt
  version: 4f5275f4ebbf6fe7cb772de987fa96ee674460a7
- name: github.com/go-errors/errors
  version: a6af135bd4e28680facf08a3d206b454abc877a4
- name: github.com/lightningnetwork/lnd
  version: 7cf5ebe2650b6798182e10be198c7ffc1f1d6e19
  subpackages:
  - chainntnfs
- name: golang.org/x/crypto
  version: 9419663f5a44be8b34ca85f08abc5fe1be11f8a3
  subpackages:
  - ripemd160
testImports:
- name: github.com/davecgh/go-spew
  version: 346938d642f2ec3594ed81d874461961cd0faa76
  subpackages:
  - spew
