hash: 4b6f4687efa0ee78ad2c2e04d0699535f357beb6e2b4b747c04b3de43fc8c685
updated: 2017-03-27T15:44:34.437225029-07:00
imports:
- name: github.com/aead/chacha20
  version: d31a916ded42d1640b9d89a26f8abd53cc96790c
  subpackages:
  - chacha
- name: github.com/btcsuite/fastsha256
  version: 637e656429416087660c84436a2a035d69d54e2e
- name: github.com/btcsuite/golangcrypto
  version: 53f62d9b43e87a6c56975cf862af7edf33a8d0df
  subpackages:
  - ripemd160
- name: github.com/roasbeef/btcd
  version: 707a14a79daeb2440fe92feaeceb0fae68ab3e9b
  subpackages:
  - btcec
  - chaincfg
  - chaincfg/chainhash
  - wire
- name: github.com/roasbeef/btcutil
  version: d347e49b656d2a7f6d06cc9e2daebc5acded5728
  subpackages:
  - base58
- name: golang.org/x/crypto
  version: 459e26527287adbc2adcc5d0d49abff9a5f315a7
  subpackages:
  - ripemd160
testImports:
- name: github.com/davecgh/go-spew
  version: 346938d642f2ec3594ed81d874461961cd0faa76
  subpackages:
  - spew
