hash: 75e7ae24914974ad34be24e5176b64e6d8cdc80aa65084714f1eb4d469b7830b
updated: 2018-03-06T13:12:10.827387022-05:00
imports:
- name: git.schwanenlied.me/yawning/bsaes.git
  version: e06297f34865a50b8e473105e52cb64ad1b55da8
  subpackages:
  - ct32
  - ct64
  - ghash
  - internal/modes
- name: github.com/aead/chacha20
  version: d31a916ded42d1640b9d89a26f8abd53cc96790c
  subpackages:
  - chacha
- name: github.com/aead/siphash
  version: e404fcfc888570cadd1610538e2dbc89f66af814
- name: github.com/awalterschulze/gographviz
  version: 9d8c9780eb4766351ae8489f78cb940cb6e0503d
  subpackages:
  - ast
  - errors
  - lexer
  - parser
  - token
- name: github.com/boltdb/bolt
  version: 2f1ce7a837dcb8da3ec595b1dac9d0632f0f99e8
- name: github.com/btcsuite/btclog
  version: 84c8d2346e9fc8c7b947e243b9c24e6df9fd206a
- name: github.com/btcsuite/fastsha256
  version: 637e656429416087660c84436a2a035d69d54e2e
- name: github.com/btcsuite/go-socks
  version: 4720035b7bfd2a9bb130b1c184f8bbe41b6f0d0f
  subpackages:
  - socks
- name: github.com/btcsuite/golangcrypto
  version: 53f62d9b43e87a6c56975cf862af7edf33a8d0df
  subpackages:
  - nacl/secretbox
  - pbkdf2
  - poly1305
  - ripemd160
  - salsa20/salsa
  - scrypt
  - ssh/terminal
- name: github.com/btcsuite/websocket
  version: 31079b6807923eb23992c421b114992b95131b55
- name: github.com/davecgh/go-spew
  version: 8991bc29aa16c548c550c7ff78260e27b9ab7c73
  subpackages:
  - spew
- name: github.com/go-errors/errors
  version: 3afebba5a48dbc89b574d890b6b34d9ee10b4785
- name: github.com/golang/protobuf
  version: bbd03ef6da3a115852eaf24c8a1c46aeb39aa175
  subpackages:
  - jsonpb
  - proto
  - protoc-gen-go/descriptor
  - ptypes/any
  - ptypes/struct
- name: github.com/grpc-ecosystem/grpc-gateway
  version: f2862b476edcef83412c7af8687c9cd8e4097c0f
  subpackages:
  - runtime
  - runtime/internal
  - utilities
- name: github.com/howeyc/gopass
  version: bf9dde6d0d2c004a008c27aaee91170c786f6db8
- name: github.com/jessevdk/go-flags
  version: f88afde2fa19a30cf50ba4b05b3d13bc6bae3079
- name: github.com/jrick/logrotate
  version: a93b200c26cbae3bb09dd0dc2c7c7fe1468a034a
  subpackages:
  - rotator
- name: github.com/juju/loggo
  version: 8232ab8918d91c72af1a9fb94d3edbe31d88b790
- name: github.com/kkdai/bstream
  version: f391b8402d23024e7c0f624b31267a89998fca95
- name: github.com/lightninglabs/gozmq
  version: 0d266ba6d55ea65c18c7a02d8992c89355149e80
- name: github.com/lightninglabs/neutrino
  version: c933ad49936ac3e5bc1b42e855f2da69745e34cc
  subpackages:
  - filterdb
  - headerfs
- name: github.com/lightningnetwork/lightning-onion
  version: dbb6dc0eaf32a043c9bc3cfed0fd5fd8db08e3b9
- name: github.com/ltcsuite/ltcd
  version: 5f654d5faab99ee2b3488fabba98e5f7a5257ee3
  subpackages:
  - btcjson
  - chaincfg
  - chaincfg/chainhash
  - wire
- name: github.com/miekg/dns
  version: 5364553f1ee9cddc7ac8b62dce148309c386695b
- name: github.com/roasbeef/btcd
  version: e6807bc4dd5ddbb95b4ab163f6dd61e4ad79463a
  subpackages:
  - addrmgr
  - blockchain
  - btcec
  - btcjson
  - chaincfg
  - chaincfg/chainhash
  - connmgr
  - database
  - integration/rpctest
  - peer
  - rpcclient
  - txscript
  - wire
- name: github.com/roasbeef/btcrpcclient
  version: d0f4db8b4dad0ca3d569b804f21247c3dd96acbb
- name: github.com/roasbeef/btcutil
  version: c3ff179366044979fb9856c2feb79bd4c2184c7a
  subpackages:
  - base58
  - bech32
  - bloom
  - coinset
  - gcs
  - gcs/builder
  - hdkeychain
  - txsort
- name: github.com/roasbeef/btcwallet
  version: 97f2ef9c15d9a82a0e8b160df01157893f3853b5
  subpackages:
  - chain
  - internal/helpers
  - internal/legacy/keystore
  - internal/legacy/rename
  - internal/prompt
  - internal/zero
  - snacl
  - waddrmgr
  - wallet
  - wallet/internal/txsizes
  - wallet/txauthor
  - wallet/txrules
  - walletdb
  - walletdb/bdb
  - wtxmgr
- name: github.com/rogpeppe/fastuuid
  version: 6724a57986aff9bff1a1770e9347036def7c89f6
- name: github.com/tv42/zbase32
  version: 501572607d0273fc75b3b261fa4904d63f6ffa0e
- name: github.com/urfave/cli
  version: cfb38830724cc34fedffe9a2a29fb54fa9169cd1
- name: github.com/Yawning/aez
  version: 4dad034d9db2caec23fb8f69b9160ae16f8d46a3
- name: golang.org/x/crypto
  version: 49796115aa4b964c318aad4f3084fdb41e9aa067
  subpackages:
  - blake2b
  - chacha20poly1305
  - curve25519
  - ed25519
  - ed25519/internal/edwards25519
  - hkdf
  - internal/chacha20
  - nacl/box
  - nacl/secretbox
  - pbkdf2
  - poly1305
  - ripemd160
  - salsa20
  - salsa20/salsa
  - scrypt
  - ssh/terminal
- name: golang.org/x/net
  version: cbe0f9307d0156177f9dd5dc85da1a31abc5f2fb
  subpackages:
  - bpf
  - context
  - http2
  - http2/hpack
  - idna
  - internal/iana
  - internal/socket
  - internal/timeseries
  - ipv4
  - ipv6
  - lex/httplex
  - proxy
  - trace
- name: golang.org/x/sys
  version: 88d2dcc510266da9f7f8c7f34e1940716cab5f5c
  subpackages:
  - unix
  - windows
- name: golang.org/x/text
  version: 27420a1a391f5504f73155051cd274311bf70883
  subpackages:
  - secure/bidirule
  - transform
  - unicode/bidi
  - unicode/norm
- name: google.golang.org/genproto
  version: 2b5a72b8730b0b16380010cfe5286c42108d88e7
  subpackages:
  - googleapis/api/annotations
  - googleapis/rpc/status
- name: google.golang.org/grpc
  version: b3ddf786825de56a4178401b7e174ee332173b66
  subpackages:
  - codes
  - connectivity
  - credentials
  - grpclb/grpc_lb_v1
  - grpclog
  - internal
  - keepalive
  - metadata
  - naming
  - peer
  - stats
  - status
  - tap
  - transport
- name: gopkg.in/errgo.v1
  version: 442357a80af5c6bf9b6d51ae791a39c3421004f3
- name: gopkg.in/macaroon-bakery.v2
  version: 22c04a94d902625448265ef041bb53e715452a40
  subpackages:
  - bakery
  - bakery/checkers
  - bakery/internal/macaroonpb
- name: gopkg.in/macaroon.v2
  version: bed2a428da6e56d950bed5b41fcbae3141e5b0d0
testImports: []
