# This file is autogenerated, do not edit; changes may be undone by the next 'dep ensure'.


[[projects]]
  branch = "master"
  name = "git.schwanenlied.me/yawning/bsaes.git"
  packages = [
    "ct32",
    "ct64",
    "ghash",
    "internal/modes"
  ]
  revision = "e06297f34865a50b8e473105e52cb64ad1b55da8"

[[projects]]
  branch = "master"
  name = "github.com/NebulousLabs/fastrand"
  packages = ["."]
  revision = "3cf7173006a0b7d2371fa1a220da7f9d48c7827c"

[[projects]]
  name = "github.com/NebulousLabs/go-upnp"
  packages = [
    ".",
    "goupnp",
    "goupnp/dcps/internetgateway1",
    "goupnp/httpu",
    "goupnp/scpd",
    "goupnp/soap",
    "goupnp/ssdp"
  ]
  revision = "29b680b06c82d044ebea91bf3069038eb562df2a"

[[projects]]
  name = "github.com/Yawning/aez"
  packages = ["."]
  revision = "4dad034d9db2caec23fb8f69b9160ae16f8d46a3"

[[projects]]
  branch = "master"
  name = "github.com/aead/chacha20"
  packages = [
    ".",
    "chacha"
  ]
  revision = "e2538746bfea853aaa589feb8ec46bd46ee78f86"

[[projects]]
  branch = "master"
  name = "github.com/aead/siphash"
  packages = ["."]
  revision = "e404fcfc888570cadd1610538e2dbc89f66af814"

[[projects]]
  name = "github.com/awalterschulze/gographviz"
  packages = [
    ".",
    "ast",
    "parser",
    "scanner",
    "token"
  ]
  revision = "761fd5fbb34e4c2c138c280395b65b48e4ff5a53"

[[projects]]
  name = "github.com/btcsuite/btcd"
  packages = [
    "addrmgr",
    "blockchain",
    "btcec",
    "btcjson",
    "chaincfg",
    "chaincfg/chainhash",
    "connmgr",
    "database",
    "integration/rpctest",
    "peer",
    "rpcclient",
    "txscript",
    "wire"
  ]
  revision = "86fed781132ac890ee03e906e4ecd5d6fa180c64"

[[projects]]
  name = "github.com/btcsuite/btclog"
  packages = ["."]
  revision = "84c8d2346e9fc8c7b947e243b9c24e6df9fd206a"

[[projects]]
  name = "github.com/btcsuite/btcutil"
  packages = [
    ".",
    "base58",
    "bech32",
    "gcs",
    "gcs/builder",
    "hdkeychain",
    "txsort"
  ]
  revision = "d4cc87b860166d00d6b5b9e0d3b3d71d6088d4d4"

[[projects]]
  name = "github.com/btcsuite/btcwallet"
  packages = [
    "chain",
    "internal/helpers",
    "internal/legacy/keystore",
    "internal/legacy/rename",
    "internal/prompt",
    "internal/zero",
    "snacl",
    "waddrmgr",
    "wallet",
    "wallet/internal/txsizes",
    "wallet/txauthor",
    "wallet/txrules",
    "walletdb",
    "walletdb/bdb",
    "wtxmgr"
  ]
  revision = "64b5b448f5e6853a2d870f388504a7807bc951f1"

[[projects]]
  branch = "master"
  name = "github.com/btcsuite/fastsha256"
  packages = ["."]
  revision = "637e656429416087660c84436a2a035d69d54e2e"

[[projects]]
  branch = "master"
  name = "github.com/btcsuite/go-socks"
  packages = ["socks"]
  revision = "4720035b7bfd2a9bb130b1c184f8bbe41b6f0d0f"

[[projects]]
  branch = "master"
  name = "github.com/btcsuite/golangcrypto"
  packages = [
    "nacl/secretbox",
    "pbkdf2",
    "poly1305",
    "salsa20/salsa",
    "scrypt",
    "ssh/terminal"
  ]
  revision = "53f62d9b43e87a6c56975cf862af7edf33a8d0df"

[[projects]]
  branch = "master"
  name = "github.com/btcsuite/websocket"
  packages = ["."]
  revision = "31079b6807923eb23992c421b114992b95131b55"

[[projects]]
  name = "github.com/coreos/bbolt"
  packages = ["."]
  revision = "4f5275f4ebbf6fe7cb772de987fa96ee674460a7"

[[projects]]
  name = "github.com/davecgh/go-spew"
  packages = ["spew"]
  revision = "8991bc29aa16c548c550c7ff78260e27b9ab7c73"

[[projects]]
  name = "github.com/go-errors/errors"
  packages = ["."]
  revision = "a6af135bd4e28680facf08a3d206b454abc877a4"

[[projects]]
  name = "github.com/golang/protobuf"
  packages = [
    "jsonpb",
    "proto",
    "protoc-gen-go/descriptor",
    "ptypes/any",
    "ptypes/struct"
  ]
  revision = "bbd03ef6da3a115852eaf24c8a1c46aeb39aa175"

[[projects]]
  name = "github.com/grpc-ecosystem/grpc-gateway"
  packages = [
    "runtime",
    "runtime/internal",
    "utilities"
  ]
  revision = "f2862b476edcef83412c7af8687c9cd8e4097c0f"

[[projects]]
  name = "github.com/jackpal/gateway"
  packages = ["."]
  revision = "3e333950771011fed13be63e62b9f473c5e0d9bf"
  version = "v1.0.4"

[[projects]]
  name = "github.com/jackpal/go-nat-pmp"
  packages = ["."]
  revision = "28a68d0c24adce1da43f8df6a57340909ecd7fdd"

[[projects]]
  name = "github.com/jessevdk/go-flags"
  packages = ["."]
  revision = "f88afde2fa19a30cf50ba4b05b3d13bc6bae3079"

[[projects]]
  name = "github.com/jrick/logrotate"
  packages = ["rotator"]
  revision = "a93b200c26cbae3bb09dd0dc2c7c7fe1468a034a"

[[projects]]
  branch = "master"
  name = "github.com/juju/loggo"
  packages = ["."]
  revision = "584905176618da46b895b176c721b02c476b6993"

[[projects]]
  name = "github.com/kkdai/bstream"
  packages = ["."]
  revision = "f391b8402d23024e7c0f624b31267a89998fca95"

[[projects]]
  branch = "master"
  name = "github.com/lightninglabs/gozmq"
  packages = ["."]
  revision = "462a8a75388506b68f76661af8d649f0b88e5301"

[[projects]]
  name = "github.com/lightninglabs/neutrino"
  packages = [
    ".",
    "filterdb",
    "headerfs"
  ]
  revision = "03f4c660ea0d1586331f32561185d45eab1ba4c9"

[[projects]]
  name = "github.com/lightningnetwork/lightning-onion"
  packages = ["."]
  revision = "ac4d9da8f1d67c95f1fafdc65e1a4902d6f5a940"

[[projects]]
  name = "github.com/ltcsuite/ltcd"
  packages = [
    "btcjson",
    "chaincfg",
    "chaincfg/chainhash",
    "wire"
  ]
  revision = "5f654d5faab99ee2b3488fabba98e5f7a5257ee3"

[[projects]]
  name = "github.com/miekg/dns"
  packages = [
    ".",
    "internal/socket"
  ]
  revision = "79bfde677fa81ff8d27c4330c35bda075d360641"

[[projects]]
  branch = "master"
  name = "github.com/rogpeppe/fastuuid"
  packages = ["."]
  revision = "6724a57986aff9bff1a1770e9347036def7c89f6"

[[projects]]
  name = "github.com/tv42/zbase32"
  packages = ["."]
  revision = "501572607d0273fc75b3b261fa4904d63f6ffa0e"

[[projects]]
  name = "github.com/urfave/cli"
  packages = ["."]
  revision = "1efa31f08b9333f1bd4882d61f9d668a70cd902e"

[[projects]]
  name = "golang.org/x/crypto"
  packages = [
    "blake2b",
    "chacha20poly1305",
    "curve25519",
    "hkdf",
    "internal/chacha20",
    "nacl/box",
    "nacl/secretbox",
    "pbkdf2",
    "poly1305",
    "ripemd160",
    "salsa20",
    "salsa20/salsa",
    "scrypt",
    "ssh/terminal"
  ]
  revision = "49796115aa4b964c318aad4f3084fdb41e9aa067"

[[projects]]
  name = "golang.org/x/net"
  packages = [
    "context",
    "html",
    "html/atom",
    "html/charset",
    "http2",
    "http2/hpack",
    "idna",
    "internal/timeseries",
    "lex/httplex",
    "proxy",
    "trace"
  ]
  revision = "ae89d30ce0c63142b652837da33d782e2b0a9b25"

[[projects]]
  branch = "master"
  name = "golang.org/x/sys"
  packages = [
    "cpu",
    "unix",
    "windows"
  ]
  revision = "56ede360ec1c541828fb88741b3f1049406d28f5"

[[projects]]
  name = "golang.org/x/text"
  packages = [
    "collate",
    "collate/build",
    "encoding",
    "encoding/charmap",
    "encoding/htmlindex",
    "encoding/internal",
    "encoding/internal/identifier",
    "encoding/japanese",
    "encoding/korean",
    "encoding/simplifiedchinese",
    "encoding/traditionalchinese",
    "encoding/unicode",
    "internal/colltab",
    "internal/gen",
    "internal/tag",
    "internal/triegen",
    "internal/ucd",
    "internal/utf8internal",
    "language",
    "runes",
    "secure/bidirule",
    "transform",
    "unicode/bidi",
    "unicode/cldr",
    "unicode/norm",
    "unicode/rangetable"
  ]
  revision = "f21a4dfb5e38f5895301dc265a8def02365cc3d0"
  version = "v0.3.0"

[[projects]]
  name = "google.golang.org/genproto"
  packages = [
    "googleapis/api/annotations",
    "googleapis/rpc/status"
  ]
  revision = "df60624c1e9b9d2973e889c7a1cff73155da81c4"

[[projects]]
  name = "google.golang.org/grpc"
  packages = [
    ".",
    "codes",
    "connectivity",
    "credentials",
    "grpclb/grpc_lb_v1",
    "grpclog",
    "internal",
    "keepalive",
    "metadata",
    "naming",
    "peer",
    "stats",
    "status",
    "tap",
    "transport"
  ]
  revision = "b3ddf786825de56a4178401b7e174ee332173b66"

[[projects]]
  branch = "v1"
  name = "gopkg.in/errgo.v1"
  packages = ["."]
  revision = "c17903c6b19d5dedb9cfba9fa314c7fae63e554f"

[[projects]]
  name = "gopkg.in/macaroon-bakery.v2"
  packages = [
    "bakery",
    "bakery/checkers",
    "bakery/internal/macaroonpb"
  ]
  revision = "94012773d2874a067572bd16d7d11ae02968b47b"

[[projects]]
  name = "gopkg.in/macaroon.v2"
  packages = ["."]
  revision = "bed2a428da6e56d950bed5b41fcbae3141e5b0d0"

[solve-meta]
  analyzer-name = "dep"
  analyzer-version = 1
  inputs-digest = "7ac5bd06ab8aa8f6a01f191092ac37d1e33200f366fa3b52fb4152369d76c5be"
  solver-name = "gps-cdcl"
  solver-version = 1
